
Microsoft Visual Studio Solution File, Format Version 12.00
# Visual Studio Version 17
VisualStudioVersion = 17.9.34728.123
MinimumVisualStudioVersion = 10.0.40219.1
Project("{FAE04EC0-301F-11D3-BF4B-00C04F79EFBC}") = "Deneme_Getır", "Deneme_Getır\Deneme_Getır.csproj", "{FCADC700-B245-443D-A16B-B22AB28EC560}"
EndProject
Global
	GlobalSection(SolutionConfigurationPlatforms) = preSolution
		Debug|Any CPU = Debug|Any CPU
		Release|Any CPU = Release|Any CPU
	EndGlobalSection
	GlobalSection(ProjectConfigurationPlatforms) = postSolution
		{FCADC700-B245-443D-A16B-B22AB28EC560}.Debug|Any CPU.ActiveCfg = Debug|Any CPU
		{FCADC700-B245-443D-A16B-B22AB28EC560}.Debug|Any CPU.Build.0 = Debug|Any CPU
		{FCADC700-B245-443D-A16B-B22AB28EC560}.Release|Any CPU.ActiveCfg = Release|Any CPU
		{FCADC700-B245-443D-A16B-B22AB28EC560}.Release|Any CPU.Build.0 = Release|Any CPU
	EndGlobalSection
	GlobalSection(SolutionProperties) = preSolution
		HideSolutionNode = FALSE
	EndGlobalSection
	GlobalSection(ExtensibilityGlobals) = postSolution
		SolutionGuid = {595A1F72-2A89-4152-81D5-BFD98C5E6C8D}
	EndGlobalSection
EndGlobal
